
Microsoft Visual Studio Solution File, Format Version 12.00
# Visual Studio Version 16
VisualStudioVersion = 16.0.29613.14
MinimumVisualStudioVersion = 10.0.40219.1
Project("{FAE04EC0-301F-11D3-BF4B-00C04F79EFBC}") = "BluetoothUI", "BluetoothUI\BluetoothUI.csproj", "{2688E9E2-D967-4698-826C-EB1FAFE1AA0F}"
EndProject
Project("{FAE04EC0-301F-11D3-BF4B-00C04F79EFBC}") = "BluetoothService", "BluetoothService\BluetoothService.csproj", "{A78F04FF-68C2-4873-A2C9-3A83296C93D5}"
EndProject
Global
	GlobalSection(SolutionConfigurationPlatforms) = preSolution
		Debug|Any CPU = Debug|Any CPU
		Release|Any CPU = Release|Any CPU
	EndGlobalSection
	GlobalSection(ProjectConfigurationPlatforms) = postSolution
		{2688E9E2-D967-4698-826C-EB1FAFE1AA0F}.Debug|Any CPU.ActiveCfg = Debug|Any CPU
		{2688E9E2-D967-4698-826C-EB1FAFE1AA0F}.Debug|Any CPU.Build.0 = Debug|Any CPU
		{2688E9E2-D967-4698-826C-EB1FAFE1AA0F}.Release|Any CPU.ActiveCfg = Release|Any CPU
		{2688E9E2-D967-4698-826C-EB1FAFE1AA0F}.Release|Any CPU.Build.0 = Release|Any CPU
		{A78F04FF-68C2-4873-A2C9-3A83296C93D5}.Debug|Any CPU.ActiveCfg = Debug|Any CPU
		{A78F04FF-68C2-4873-A2C9-3A83296C93D5}.Debug|Any CPU.Build.0 = Debug|Any CPU
		{A78F04FF-68C2-4873-A2C9-3A83296C93D5}.Release|Any CPU.ActiveCfg = Release|Any CPU
		{A78F04FF-68C2-4873-A2C9-3A83296C93D5}.Release|Any CPU.Build.0 = Release|Any CPU
	EndGlobalSection
	GlobalSection(SolutionProperties) = preSolution
		HideSolutionNode = FALSE
	EndGlobalSection
	GlobalSection(ExtensibilityGlobals) = postSolution
		SolutionGuid = {811E85AF-8096-4DCE-AA84-35E4A70A7CD9}
	EndGlobalSection
EndGlobal
