
Microsoft Visual Studio Solution File, Format Version 12.00
# Visual Studio Version 16
VisualStudioVersion = 16.0.29503.13
MinimumVisualStudioVersion = 10.0.40219.1
Project("{FAE04EC0-301F-11D3-BF4B-00C04F79EFBC}") = "AirPodsSetup", "AirPodsSetup\AirPodsSetup.csproj", "{DEAA2796-51F6-4875-878D-E767FCADF278}"
EndProject
Global
	GlobalSection(SolutionConfigurationPlatforms) = preSolution
		Debug|Any CPU = Debug|Any CPU
		Release|Any CPU = Release|Any CPU
	EndGlobalSection
	GlobalSection(ProjectConfigurationPlatforms) = postSolution
		{DEAA2796-51F6-4875-878D-E767FCADF278}.Debug|Any CPU.ActiveCfg = Debug|Any CPU
		{DEAA2796-51F6-4875-878D-E767FCADF278}.Debug|Any CPU.Build.0 = Debug|Any CPU
		{DEAA2796-51F6-4875-878D-E767FCADF278}.Release|Any CPU.ActiveCfg = Release|Any CPU
		{DEAA2796-51F6-4875-878D-E767FCADF278}.Release|Any CPU.Build.0 = Release|Any CPU
	EndGlobalSection
	GlobalSection(SolutionProperties) = preSolution
		HideSolutionNode = FALSE
	EndGlobalSection
	GlobalSection(ExtensibilityGlobals) = postSolution
		SolutionGuid = {2CBEDA6D-1EFE-4681-81CA-77B225042C64}
	EndGlobalSection
EndGlobal
